
Microsoft Visual Studio Solution File, Format Version 12.00
# Visual Studio Version 16
VisualStudioVersion = 16.0.29613.14
MinimumVisualStudioVersion = 15.0.26124.0
Project("{9A19103F-16F7-4668-BE54-9A1E7A4F7556}") = "DataStructures", "DataStructures\DataStructures.csproj", "{DEBE6847-D329-4646-809B-E927F567AD91}"
EndProject
Project("{9A19103F-16F7-4668-BE54-9A1E7A4F7556}") = "UnitTests", "UnitTests\UnitTests.csproj", "{73DD4EAC-AFB5-4E0A-9C71-8A5C3491099E}"
EndProject
Global
	GlobalSection(SolutionConfigurationPlatforms) = preSolution
		Debug|Any CPU = Debug|Any CPU
		Debug|x64 = Debug|x64
		Debug|x86 = Debug|x86
		Release|Any CPU = Release|Any CPU
		Release|x64 = Release|x64
		Release|x86 = Release|x86
	EndGlobalSection
	GlobalSection(ProjectConfigurationPlatforms) = postSolution
		{DEBE6847-D329-4646-809B-E927F567AD91}.Debug|Any CPU.ActiveCfg = Debug|Any CPU
		{DEBE6847-D329-4646-809B-E927F567AD91}.Debug|Any CPU.Build.0 = Debug|Any CPU
		{DEBE6847-D329-4646-809B-E927F567AD91}.Debug|x64.ActiveCfg = Debug|Any CPU
		{DEBE6847-D329-4646-809B-E927F567AD91}.Debug|x64.Build.0 = Debug|Any CPU
		{DEBE6847-D329-4646-809B-E927F567AD91}.Debug|x86.ActiveCfg = Debug|Any CPU
		{DEBE6847-D329-4646-809B-E927F567AD91}.Debug|x86.Build.0 = Debug|Any CPU
		{DEBE6847-D329-4646-809B-E927F567AD91}.Release|Any CPU.ActiveCfg = Release|Any CPU
		{DEBE6847-D329-4646-809B-E927F567AD91}.Release|Any CPU.Build.0 = Release|Any CPU
		{DEBE6847-D329-4646-809B-E927F567AD91}.Release|x64.ActiveCfg = Release|Any CPU
		{DEBE6847-D329-4646-809B-E927F567AD91}.Release|x64.Build.0 = Release|Any CPU
		{DEBE6847-D329-4646-809B-E927F567AD91}.Release|x86.ActiveCfg = Release|Any CPU
		{DEBE6847-D329-4646-809B-E927F567AD91}.Release|x86.Build.0 = Release|Any CPU
		{73DD4EAC-AFB5-4E0A-9C71-8A5C3491099E}.Debug|Any CPU.ActiveCfg = Debug|Any CPU
		{73DD4EAC-AFB5-4E0A-9C71-8A5C3491099E}.Debug|Any CPU.Build.0 = Debug|Any CPU
		{73DD4EAC-AFB5-4E0A-9C71-8A5C3491099E}.Debug|x64.ActiveCfg = Debug|Any CPU
		{73DD4EAC-AFB5-4E0A-9C71-8A5C3491099E}.Debug|x64.Build.0 = Debug|Any CPU
		{73DD4EAC-AFB5-4E0A-9C71-8A5C3491099E}.Debug|x86.ActiveCfg = Debug|Any CPU
		{73DD4EAC-AFB5-4E0A-9C71-8A5C3491099E}.Debug|x86.Build.0 = Debug|Any CPU
		{73DD4EAC-AFB5-4E0A-9C71-8A5C3491099E}.Release|Any CPU.ActiveCfg = Release|Any CPU
		{73DD4EAC-AFB5-4E0A-9C71-8A5C3491099E}.Release|Any CPU.Build.0 = Release|Any CPU
		{73DD4EAC-AFB5-4E0A-9C71-8A5C3491099E}.Release|x64.ActiveCfg = Release|Any CPU
		{73DD4EAC-AFB5-4E0A-9C71-8A5C3491099E}.Release|x64.Build.0 = Release|Any CPU
		{73DD4EAC-AFB5-4E0A-9C71-8A5C3491099E}.Release|x86.ActiveCfg = Release|Any CPU
		{73DD4EAC-AFB5-4E0A-9C71-8A5C3491099E}.Release|x86.Build.0 = Release|Any CPU
	EndGlobalSection
	GlobalSection(SolutionProperties) = preSolution
		HideSolutionNode = FALSE
	EndGlobalSection
	GlobalSection(ExtensibilityGlobals) = postSolution
		SolutionGuid = {22EFCE71-7F9D-4AF2-A754-E09CF10F1D97}
	EndGlobalSection
EndGlobal
